
Microsoft Visual Studio Solution File, Format Version 12.00
# Visual Studio Version 17
VisualStudioVersion = 17.11.35327.3
MinimumVisualStudioVersion = 10.0.40219.1
Project("{9A19103F-16F7-4668-BE54-9A1E7A4F7556}") = "ProductCatalog", "ProductCatalog\ProductCatalog.csproj", "{BB8AF252-3CC3-4541-BC6E-B9E109603AB3}"
EndProject
Project("{9A19103F-16F7-4668-BE54-9A1E7A4F7556}") = "ProductCatalogInfrastructure", "ProductCatalogInfrastructure\ProductCatalogInfrastructure.csproj", "{2E098851-C032-4D8F-974C-F3025D512589}"
EndProject
Project("{9A19103F-16F7-4668-BE54-9A1E7A4F7556}") = "ProductCatalogCore", "ProductCatalogCore\ProductCatalogCore.csproj", "{82B83937-814B-4BCC-AEAB-17691F23194C}"
EndProject
Global
	GlobalSection(SolutionConfigurationPlatforms) = preSolution
		Debug|Any CPU = Debug|Any CPU
		Release|Any CPU = Release|Any CPU
	EndGlobalSection
	GlobalSection(ProjectConfigurationPlatforms) = postSolution
		{BB8AF252-3CC3-4541-BC6E-B9E109603AB3}.Debug|Any CPU.ActiveCfg = Debug|Any CPU
		{BB8AF252-3CC3-4541-BC6E-B9E109603AB3}.Debug|Any CPU.Build.0 = Debug|Any CPU
		{BB8AF252-3CC3-4541-BC6E-B9E109603AB3}.Release|Any CPU.ActiveCfg = Release|Any CPU
		{BB8AF252-3CC3-4541-BC6E-B9E109603AB3}.Release|Any CPU.Build.0 = Release|Any CPU
		{2E098851-C032-4D8F-974C-F3025D512589}.Debug|Any CPU.ActiveCfg = Debug|Any CPU
		{2E098851-C032-4D8F-974C-F3025D512589}.Debug|Any CPU.Build.0 = Debug|Any CPU
		{2E098851-C032-4D8F-974C-F3025D512589}.Release|Any CPU.ActiveCfg = Release|Any CPU
		{2E098851-C032-4D8F-974C-F3025D512589}.Release|Any CPU.Build.0 = Release|Any CPU
		{82B83937-814B-4BCC-AEAB-17691F23194C}.Debug|Any CPU.ActiveCfg = Debug|Any CPU
		{82B83937-814B-4BCC-AEAB-17691F23194C}.Debug|Any CPU.Build.0 = Debug|Any CPU
		{82B83937-814B-4BCC-AEAB-17691F23194C}.Release|Any CPU.ActiveCfg = Release|Any CPU
		{82B83937-814B-4BCC-AEAB-17691F23194C}.Release|Any CPU.Build.0 = Release|Any CPU
	EndGlobalSection
	GlobalSection(SolutionProperties) = preSolution
		HideSolutionNode = FALSE
	EndGlobalSection
	GlobalSection(ExtensibilityGlobals) = postSolution
		SolutionGuid = {5DFFFAA2-7C8E-432D-AB27-A12AACC4C5FA}
	EndGlobalSection
EndGlobal
